
Microsoft Visual Studio Solution File, Format Version 12.00
# Visual Studio 14
VisualStudioVersion = 14.0.24720.0
MinimumVisualStudioVersion = 10.0.40219.1
Project("{FAE04EC0-301F-11D3-BF4B-00C04F79EFBC}") = "copy_bootmgr", "copy_bootmgr.csproj", "{DDBE8A52-2BE5-4C59-B95F-C0742FCF616D}"
EndProject
Global
	GlobalSection(SolutionConfigurationPlatforms) = preSolution
		Debug|Any CPU = Debug|Any CPU
		Release|Any CPU = Release|Any CPU
	EndGlobalSection
	GlobalSection(ProjectConfigurationPlatforms) = postSolution
		{DDBE8A52-2BE5-4C59-B95F-C0742FCF616D}.Debug|Any CPU.ActiveCfg = Debug|Any CPU
		{DDBE8A52-2BE5-4C59-B95F-C0742FCF616D}.Debug|Any CPU.Build.0 = Debug|Any CPU
		{DDBE8A52-2BE5-4C59-B95F-C0742FCF616D}.Release|Any CPU.ActiveCfg = Release|Any CPU
		{DDBE8A52-2BE5-4C59-B95F-C0742FCF616D}.Release|Any CPU.Build.0 = Release|Any CPU
	EndGlobalSection
	GlobalSection(SolutionProperties) = preSolution
		HideSolutionNode = FALSE
	EndGlobalSection
EndGlobal
